
Microsoft Visual Studio Solution File, Format Version 12.00
# Visual Studio Version 16
VisualStudioVersion = 16.0.33529.622
MinimumVisualStudioVersion = 10.0.40219.1
Project("{FAE04EC0-301F-11D3-BF4B-00C04F79EFBC}") = "demo_ChatBox", "demo_ChatBox\demo_ChatBox.csproj", "{0CD1EABD-1DAB-49F6-BC28-AEE873D7CAB3}"
EndProject
Global
	GlobalSection(SolutionConfigurationPlatforms) = preSolution
		Debug|Any CPU = Debug|Any CPU
		Release|Any CPU = Release|Any CPU
	EndGlobalSection
	GlobalSection(ProjectConfigurationPlatforms) = postSolution
		{0CD1EABD-1DAB-49F6-BC28-AEE873D7CAB3}.Debug|Any CPU.ActiveCfg = Debug|Any CPU
		{0CD1EABD-1DAB-49F6-BC28-AEE873D7CAB3}.Debug|Any CPU.Build.0 = Debug|Any CPU
		{0CD1EABD-1DAB-49F6-BC28-AEE873D7CAB3}.Release|Any CPU.ActiveCfg = Release|Any CPU
		{0CD1EABD-1DAB-49F6-BC28-AEE873D7CAB3}.Release|Any CPU.Build.0 = Release|Any CPU
	EndGlobalSection
	GlobalSection(SolutionProperties) = preSolution
		HideSolutionNode = FALSE
	EndGlobalSection
	GlobalSection(ExtensibilityGlobals) = postSolution
		SolutionGuid = {C8F36BCC-4D3F-4027-8E2B-AA4283E22473}
	EndGlobalSection
EndGlobal
